<?xml version="1.0" encoding="utf-8"?>
<Project ToolsVersion="4.0" xmlns="http://schemas.microsoft.com/developer/msbuild/2003">
  <ItemGroup>
    <Filter Include="dependencies">
      <UniqueIdentifier>{8CAD9F58-7810-2FFD-2196-67B30DD8FA7F}</UniqueIdentifier>
    </Filter>
    <Filter Include="dependencies\include">
      <UniqueIdentifier>{FFA0974E-EB2F-2118-944E-351380BC31BE}</UniqueIdentifier>
    </Filter>
    <Filter Include="dependencies\include\stb_image">
      <UniqueIdentifier>{59DCB2FC-4502-7D63-2E48-022F1A0DA22F}</UniqueIdentifier>
    </Filter>
    <Filter Include="src">
      <UniqueIdentifier>{2DAB880B-99B4-887C-2230-9F7C8E38947C}</UniqueIdentifier>
    </Filter>
    <Filter Include="src\Application">
      <UniqueIdentifier>{701253C7-DC9D-C08B-E5AE-438051B91C8C}</UniqueIdentifier>
    </Filter>
    <Filter Include="src\GameObjects">
      <UniqueIdentifier>{A0E17904-0C6D-E7C8-157E-6ABD818843C9}</UniqueIdentifier>
    </Filter>
    <Filter Include="src\OpenGLObjects">
      <UniqueIdentifier>{0B86B346-779C-B1DC-C013-3DFE2C698264}</UniqueIdentifier>
    </Filter>
  </ItemGroup>
  <ItemGroup>
    <ClInclude Include="dependencies\include\stb_image\stb_image.h">
      <Filter>dependencies\include\stb_image</Filter>
    </ClInclude>
    <ClInclude Include="src\Application\SoundEngine.h">
      <Filter>src\Application</Filter>
    </ClInclude>
    <ClInclude Include="src\Application\Window.h">
      <Filter>src\Application</Filter>
    </ClInclude>
    <ClInclude Include="src\Application\WindowFactory.h">
      <Filter>src\Application</Filter>
    </ClInclude>
    <ClInclude Include="src\Application\WindowsInput.h">
      <Filter>src\Application</Filter>
    </ClInclude>
    <ClInclude Include="src\Application\WindowsKeyCodes.h">
      <Filter>src\Application</Filter>
    </ClInclude>
    <ClInclude Include="src\Application\WindowsWindow.h">
      <Filter>src\Application</Filter>
    </ClInclude>
    <ClInclude Include="src\Game.h">
      <Filter>src</Filter>
    </ClInclude>
    <ClInclude Include="src\GameObjects\GameTile.h">
      <Filter>src\GameObjects</Filter>
    </ClInclude>
    <ClInclude Include="src\GameRenderer.h">
      <Filter>src</Filter>
    </ClInclude>
    <ClInclude Include="src\Input.h">
      <Filter>src</Filter>
    </ClInclude>
    <ClInclude Include="src\OpenGLObjects\Camera.h">
      <Filter>src\OpenGLObjects</Filter>
    </ClInclude>
    <ClInclude Include="src\OpenGLObjects\Camera2D.h">
      <Filter>src\OpenGLObjects</Filter>
    </ClInclude>
    <ClInclude Include="src\OpenGLObjects\Character.h">
      <Filter>src\OpenGLObjects</Filter>
    </ClInclude>
    <ClInclude Include="src\OpenGLObjects\FrameBuffer.h">
      <Filter>src\OpenGLObjects</Filter>
    </ClInclude>
    <ClInclude Include="src\OpenGLObjects\Shader.h">
      <Filter>src\OpenGLObjects</Filter>
    </ClInclude>
    <ClInclude Include="src\OpenGLObjects\Texture.h">
      <Filter>src\OpenGLObjects</Filter>
    </ClInclude>
  </ItemGroup>
  <ItemGroup>
    <ClCompile Include="dependencies\include\stb_image\stb_image.cpp">
      <Filter>dependencies\include\stb_image</Filter>
    </ClCompile>
    <ClCompile Include="src\Application\WindowsWindow.cpp">
      <Filter>src\Application</Filter>
    </ClCompile>
    <ClCompile Include="src\Game.cpp">
      <Filter>src</Filter>
    </ClCompile>
    <ClCompile Include="src\GameRenderer.cpp">
      <Filter>src</Filter>
    </ClCompile>
    <ClCompile Include="src\OpenGLObjects\Camera2D.cpp">
      <Filter>src\OpenGLObjects</Filter>
    </ClCompile>
    <ClCompile Include="src\OpenGLObjects\FrameBuffer.cpp">
      <Filter>src\OpenGLObjects</Filter>
    </ClCompile>
    <ClCompile Include="src\OpenGLObjects\Shader.cpp">
      <Filter>src\OpenGLObjects</Filter>
    </ClCompile>
    <ClCompile Include="src\OpenGLObjects\Texture.cpp">
      <Filter>src\OpenGLObjects</Filter>
    </ClCompile>
    <ClCompile Include="src\glad.c">
      <Filter>src</Filter>
    </ClCompile>
    <ClCompile Include="src\main.cpp">
      <Filter>src</Filter>
    </ClCompile>
  </ItemGroup>
</Project>