<?xml version="1.0" encoding="utf-8"?>
<Project ToolsVersion="4.0" xmlns="http://schemas.microsoft.com/developer/msbuild/2003">
  <ItemGroup>
    <Filter Include="dependencies">
      <UniqueIdentifier>{8CAD9F58-7810-2FFD-2196-67B30DD8FA7F}</UniqueIdentifier>
    </Filter>
    <Filter Include="dependencies\include">
      <UniqueIdentifier>{FFA0974E-EB2F-2118-944E-351380BC31BE}</UniqueIdentifier>
    </Filter>
    <Filter Include="dependencies\include\stb_image">
      <UniqueIdentifier>{59DCB2FC-4502-7D63-2E48-022F1A0DA22F}</UniqueIdentifier>
    </Filter>
    <Filter Include="src">
      <UniqueIdentifier>{2DAB880B-99B4-887C-2230-9F7C8E38947C}</UniqueIdentifier>
    </Filter>
    <Filter Include="src\OpenGLObjects">
      <UniqueIdentifier>{0B86B346-779C-B1DC-C013-3DFE2C698264}</UniqueIdentifier>
    </Filter>
  </ItemGroup>
  <ItemGroup>
    <ClInclude Include="dependencies\include\stb_image\stb_image.h">
      <Filter>dependencies\include\stb_image</Filter>
    </ClInclude>
    <ClInclude Include="src\Game.h">
      <Filter>src</Filter>
    </ClInclude>
    <ClInclude Include="src\GameRenderer.h">
      <Filter>src</Filter>
    </ClInclude>
    <ClInclude Include="src\OpenGLObjects\Shader.h">
      <Filter>src\OpenGLObjects</Filter>
    </ClInclude>
    <ClInclude Include="src\OpenGLObjects\Texture.h">
      <Filter>src\OpenGLObjects</Filter>
    </ClInclude>
    <ClInclude Include="src\OpenGLObjects\Camera.h" />
    <ClInclude Include="src\OpenGLObjects\Camera2D.h" />
    <ClInclude Include="src\Application\Window.h" />
    <ClInclude Include="src\Application\WindowFactory.h" />
    <ClInclude Include="src\Application\WindowsWindow.h" />
    <ClInclude Include="src\Input.h" />
    <ClInclude Include="src\Application\WindowsKeyCodes.h" />
    <ClInclude Include="src\Application\WindowsInput.h" />
    <ClInclude Include="src\GameObjects\GameTile.h" />
    <ClInclude Include="src\OpenGLObjects\FrameBuffer.h" />
  </ItemGroup>
  <ItemGroup>
    <ClCompile Include="dependencies\include\stb_image\stb_image.cpp">
      <Filter>dependencies\include\stb_image</Filter>
    </ClCompile>
    <ClCompile Include="src\Game.cpp">
      <Filter>src</Filter>
    </ClCompile>
    <ClCompile Include="src\GameRenderer.cpp">
      <Filter>src</Filter>
    </ClCompile>
    <ClCompile Include="src\OpenGLObjects\Shader.cpp">
      <Filter>src\OpenGLObjects</Filter>
    </ClCompile>
    <ClCompile Include="src\OpenGLObjects\Texture.cpp">
      <Filter>src\OpenGLObjects</Filter>
    </ClCompile>
    <ClCompile Include="src\glad.c">
      <Filter>src</Filter>
    </ClCompile>
    <ClCompile Include="src\main.cpp">
      <Filter>src</Filter>
    </ClCompile>
    <ClCompile Include="src\OpenGLObjects\Camera2D.cpp" />
    <ClCompile Include="src\Application\WindowsWindow.cpp" />
    <ClCompile Include="src\OpenGLObjects\FrameBuffer.cpp" />
  </ItemGroup>
</Project>